
Microsoft Visual Studio Solution File, Format Version 12.00
# Visual Studio 15
VisualStudioVersion = 15.0.27130.2010
MinimumVisualStudioVersion = 10.0.40219.1
Project("{FAE04EC0-301F-11D3-BF4B-00C04F79EFBC}") = "Airline.Rules", "Airline.Rules\Airline.Rules.csproj", "{5E58B781-60B3-421E-98C7-1FA111FFD683}"
EndProject
Project("{FAE04EC0-301F-11D3-BF4B-00C04F79EFBC}") = "Airline.Tests", "Airline.Tests\Airline.Tests.csproj", "{ED12D5EC-99D6-460D-BE07-4C0A70ECC245}"
EndProject
Global
	GlobalSection(SolutionConfigurationPlatforms) = preSolution
		Debug|Any CPU = Debug|Any CPU
		Release|Any CPU = Release|Any CPU
	EndGlobalSection
	GlobalSection(ProjectConfigurationPlatforms) = postSolution
		{5E58B781-60B3-421E-98C7-1FA111FFD683}.Debug|Any CPU.ActiveCfg = Debug|Any CPU
		{5E58B781-60B3-421E-98C7-1FA111FFD683}.Debug|Any CPU.Build.0 = Debug|Any CPU
		{5E58B781-60B3-421E-98C7-1FA111FFD683}.Release|Any CPU.ActiveCfg = Release|Any CPU
		{5E58B781-60B3-421E-98C7-1FA111FFD683}.Release|Any CPU.Build.0 = Release|Any CPU
		{ED12D5EC-99D6-460D-BE07-4C0A70ECC245}.Debug|Any CPU.ActiveCfg = Debug|Any CPU
		{ED12D5EC-99D6-460D-BE07-4C0A70ECC245}.Debug|Any CPU.Build.0 = Debug|Any CPU
		{ED12D5EC-99D6-460D-BE07-4C0A70ECC245}.Release|Any CPU.ActiveCfg = Release|Any CPU
		{ED12D5EC-99D6-460D-BE07-4C0A70ECC245}.Release|Any CPU.Build.0 = Release|Any CPU
	EndGlobalSection
	GlobalSection(SolutionProperties) = preSolution
		HideSolutionNode = FALSE
	EndGlobalSection
	GlobalSection(ExtensibilityGlobals) = postSolution
		SolutionGuid = {ED27D258-65D3-4C0F-A020-F3F8298D61B2}
	EndGlobalSection
EndGlobal
